
Microsoft Visual Studio Solution File, Format Version 12.00
# Visual Studio Version 16
VisualStudioVersion = 16.0.31424.327
MinimumVisualStudioVersion = 10.0.40219.1
Project("{F184B08F-C81C-45F6-A57F-5ABD9991F28F}") = "WebJEA", "WebJEA.vbproj", "{B0AA4E7A-CBF8-4807-9CAD-15316F88F758}"
EndProject
Global
	GlobalSection(SolutionConfigurationPlatforms) = preSolution
		Debug|Any CPU = Debug|Any CPU
		Release|Any CPU = Release|Any CPU
	EndGlobalSection
	GlobalSection(ProjectConfigurationPlatforms) = postSolution
		{B0AA4E7A-CBF8-4807-9CAD-15316F88F758}.Debug|Any CPU.ActiveCfg = Debug|Any CPU
		{B0AA4E7A-CBF8-4807-9CAD-15316F88F758}.Debug|Any CPU.Build.0 = Debug|Any CPU
		{B0AA4E7A-CBF8-4807-9CAD-15316F88F758}.Release|Any CPU.ActiveCfg = Release|Any CPU
		{B0AA4E7A-CBF8-4807-9CAD-15316F88F758}.Release|Any CPU.Build.0 = Release|Any CPU
	EndGlobalSection
	GlobalSection(SolutionProperties) = preSolution
		HideSolutionNode = FALSE
	EndGlobalSection
	GlobalSection(ExtensibilityGlobals) = postSolution
		SolutionGuid = {0D880295-076E-4965-B075-3200326F1CF6}
	EndGlobalSection
EndGlobal
